
Microsoft Visual Studio Solution File, Format Version 12.00
# Visual Studio Version 16
VisualStudioVersion = 16.0.29418.71
MinimumVisualStudioVersion = 10.0.40219.1
Project("{2150E333-8FDC-42A3-9474-1A3956D46DE8}") = "Solution Items", "Solution Items", "{DC5C1578-7AE1-4F0A-9E7B-3B42B032AF4E}"
EndProject
Project("{2150E333-8FDC-42A3-9474-1A3956D46DE8}") = "src", "src", "{CBBC2B5F-62A4-4B3E-951E-3829F41EFE1D}"
EndProject
Project("{2150E333-8FDC-42A3-9474-1A3956D46DE8}") = "Domain", "Domain", "{D6660250-EACC-496F-9818-42F86B0AED2B}"
EndProject
Project("{2150E333-8FDC-42A3-9474-1A3956D46DE8}") = "Microservices", "Microservices", "{3479683D-D29B-420F-86C3-C729E3522180}"
EndProject
Project("{2150E333-8FDC-42A3-9474-1A3956D46DE8}") = "Infrastructure", "Infrastructure", "{895443B9-2AFC-4C51-A2A1-7406A6B0259E}"
EndProject
Project("{2150E333-8FDC-42A3-9474-1A3956D46DE8}") = "Presentation", "Presentation", "{970706A3-6640-4386-B123-19EFBB457770}"
EndProject
Project("{9A19103F-16F7-4668-BE54-9A1E7A4F7556}") = "MicroRabbitMQ.Domain.Core", "MicroRabbitMQ.Domain.Core\MicroRabbitMQ.Domain.Core.csproj", "{642D1E3D-78C5-4DFA-A76B-2F81482EF75C}"
EndProject
Project("{9A19103F-16F7-4668-BE54-9A1E7A4F7556}") = "MicroRabbitMQ.Infrastructure", "MicroRabbitMQ.Infrastructure\MicroRabbitMQ.Infrastructure.csproj", "{8C8E1398-7447-42E6-8744-E8470EA01272}"
EndProject
Project("{2150E333-8FDC-42A3-9474-1A3956D46DE8}") = "Banking", "Banking", "{32785482-8A9D-4B2C-847E-32CE6C837E4D}"
EndProject
Project("{2150E333-8FDC-42A3-9474-1A3956D46DE8}") = "Transfer", "Transfer", "{2CDB9529-F868-486B-AF76-44A0E0330D89}"
EndProject
Project("{2150E333-8FDC-42A3-9474-1A3956D46DE8}") = "Api", "Api", "{DAAD3C90-1C05-41C5-AF89-12DAD58B09AE}"
EndProject
Project("{2150E333-8FDC-42A3-9474-1A3956D46DE8}") = "Application", "Application", "{33646255-7512-4787-8F8D-F51C17A85944}"
EndProject
Project("{2150E333-8FDC-42A3-9474-1A3956D46DE8}") = "Data", "Data", "{B87B5493-F1E3-4E5B-BAE1-A493B7211519}"
EndProject
Project("{2150E333-8FDC-42A3-9474-1A3956D46DE8}") = "Domain", "Domain", "{7F20B846-DFA9-4049-A15F-AECC709194D3}"
EndProject
Project("{9A19103F-16F7-4668-BE54-9A1E7A4F7556}") = "MicroRabbit.Banking.Api", "MicroRabbit.Banking.Api\MicroRabbit.Banking.Api.csproj", "{9467874E-C554-46F2-A505-195FC89CD5C5}"
EndProject
Project("{9A19103F-16F7-4668-BE54-9A1E7A4F7556}") = "MicroRabbit.Banking.Data", "MicroRabbit.Banking.Data\MicroRabbit.Banking.Data.csproj", "{1D08E93D-8972-4F0A-B6F6-302DAF484DD9}"
EndProject
Project("{9A19103F-16F7-4668-BE54-9A1E7A4F7556}") = "MicroRabbit.Banking.Application", "MicroRabbit.Banking.Application\MicroRabbit.Banking.Application.csproj", "{C182BD9D-66B3-4DE1-A7FF-B5D98B4578A0}"
EndProject
Project("{9A19103F-16F7-4668-BE54-9A1E7A4F7556}") = "MicroRabbit.Banking.Domain", "MicroRabbit.Banking.Domain\MicroRabbit.Banking.Domain.csproj", "{3EF8DE4A-2CC8-4829-AE10-F425BF74BDD2}"
EndProject
Project("{2150E333-8FDC-42A3-9474-1A3956D46DE8}") = "Api", "Api", "{9EA318CA-75DB-42AA-ABA6-B28C2BCD9835}"
EndProject
Project("{2150E333-8FDC-42A3-9474-1A3956D46DE8}") = "Application", "Application", "{246E0E32-CB52-4CBE-9B6F-65F7067A02F0}"
EndProject
Project("{2150E333-8FDC-42A3-9474-1A3956D46DE8}") = "Data", "Data", "{E0DD2CE0-A2D0-4350-AC14-981B0F062D32}"
EndProject
Project("{FAE04EC0-301F-11D3-BF4B-00C04F79EFBC}") = "MicroRabbit.Transfer.Api", "MicroRabbit.Transfer.Api\MicroRabbit.Transfer.Api.csproj", "{FFBCDA38-B59F-4919-8B97-467CECD68971}"
EndProject
Project("{FAE04EC0-301F-11D3-BF4B-00C04F79EFBC}") = "MicroRabbit.Transfer.Application", "MicroRabbit.Transfer.Application\MicroRabbit.Transfer.Application.csproj", "{82DFA591-D613-4428-A0AD-4215A84B731E}"
EndProject
Project("{2150E333-8FDC-42A3-9474-1A3956D46DE8}") = "Domain", "Domain", "{09BEEB5C-AE11-4781-B3C8-15598A31000A}"
EndProject
Project("{FAE04EC0-301F-11D3-BF4B-00C04F79EFBC}") = "MicroRabbit.Transfer.Data", "MicroRabbit.Transfer.Data\MicroRabbit.Transfer.Data.csproj", "{54BC4AA4-1B45-4CA5-A413-0F7EF2ADBE0B}"
EndProject
Project("{FAE04EC0-301F-11D3-BF4B-00C04F79EFBC}") = "MicroRabbit.Transfer.Domain", "MicroRabbit.Transfer.Domain\MicroRabbit.Transfer.Domain.csproj", "{D4084A42-CA2D-41FB-949F-C5BFAD17706A}"
EndProject
Global
	GlobalSection(SolutionConfigurationPlatforms) = preSolution
		Debug|Any CPU = Debug|Any CPU
		Release|Any CPU = Release|Any CPU
	EndGlobalSection
	GlobalSection(ProjectConfigurationPlatforms) = postSolution
		{642D1E3D-78C5-4DFA-A76B-2F81482EF75C}.Debug|Any CPU.ActiveCfg = Debug|Any CPU
		{642D1E3D-78C5-4DFA-A76B-2F81482EF75C}.Debug|Any CPU.Build.0 = Debug|Any CPU
		{642D1E3D-78C5-4DFA-A76B-2F81482EF75C}.Release|Any CPU.ActiveCfg = Release|Any CPU
		{642D1E3D-78C5-4DFA-A76B-2F81482EF75C}.Release|Any CPU.Build.0 = Release|Any CPU
		{8C8E1398-7447-42E6-8744-E8470EA01272}.Debug|Any CPU.ActiveCfg = Debug|Any CPU
		{8C8E1398-7447-42E6-8744-E8470EA01272}.Debug|Any CPU.Build.0 = Debug|Any CPU
		{8C8E1398-7447-42E6-8744-E8470EA01272}.Release|Any CPU.ActiveCfg = Release|Any CPU
		{8C8E1398-7447-42E6-8744-E8470EA01272}.Release|Any CPU.Build.0 = Release|Any CPU
		{9467874E-C554-46F2-A505-195FC89CD5C5}.Debug|Any CPU.ActiveCfg = Debug|Any CPU
		{9467874E-C554-46F2-A505-195FC89CD5C5}.Debug|Any CPU.Build.0 = Debug|Any CPU
		{9467874E-C554-46F2-A505-195FC89CD5C5}.Release|Any CPU.ActiveCfg = Release|Any CPU
		{9467874E-C554-46F2-A505-195FC89CD5C5}.Release|Any CPU.Build.0 = Release|Any CPU
		{1D08E93D-8972-4F0A-B6F6-302DAF484DD9}.Debug|Any CPU.ActiveCfg = Debug|Any CPU
		{1D08E93D-8972-4F0A-B6F6-302DAF484DD9}.Debug|Any CPU.Build.0 = Debug|Any CPU
		{1D08E93D-8972-4F0A-B6F6-302DAF484DD9}.Release|Any CPU.ActiveCfg = Release|Any CPU
		{1D08E93D-8972-4F0A-B6F6-302DAF484DD9}.Release|Any CPU.Build.0 = Release|Any CPU
		{C182BD9D-66B3-4DE1-A7FF-B5D98B4578A0}.Debug|Any CPU.ActiveCfg = Debug|Any CPU
		{C182BD9D-66B3-4DE1-A7FF-B5D98B4578A0}.Debug|Any CPU.Build.0 = Debug|Any CPU
		{C182BD9D-66B3-4DE1-A7FF-B5D98B4578A0}.Release|Any CPU.ActiveCfg = Release|Any CPU
		{C182BD9D-66B3-4DE1-A7FF-B5D98B4578A0}.Release|Any CPU.Build.0 = Release|Any CPU
		{3EF8DE4A-2CC8-4829-AE10-F425BF74BDD2}.Debug|Any CPU.ActiveCfg = Debug|Any CPU
		{3EF8DE4A-2CC8-4829-AE10-F425BF74BDD2}.Debug|Any CPU.Build.0 = Debug|Any CPU
		{3EF8DE4A-2CC8-4829-AE10-F425BF74BDD2}.Release|Any CPU.ActiveCfg = Release|Any CPU
		{3EF8DE4A-2CC8-4829-AE10-F425BF74BDD2}.Release|Any CPU.Build.0 = Release|Any CPU
		{FFBCDA38-B59F-4919-8B97-467CECD68971}.Debug|Any CPU.ActiveCfg = Debug|Any CPU
		{FFBCDA38-B59F-4919-8B97-467CECD68971}.Debug|Any CPU.Build.0 = Debug|Any CPU
		{FFBCDA38-B59F-4919-8B97-467CECD68971}.Release|Any CPU.ActiveCfg = Release|Any CPU
		{FFBCDA38-B59F-4919-8B97-467CECD68971}.Release|Any CPU.Build.0 = Release|Any CPU
		{82DFA591-D613-4428-A0AD-4215A84B731E}.Debug|Any CPU.ActiveCfg = Debug|Any CPU
		{82DFA591-D613-4428-A0AD-4215A84B731E}.Debug|Any CPU.Build.0 = Debug|Any CPU
		{82DFA591-D613-4428-A0AD-4215A84B731E}.Release|Any CPU.ActiveCfg = Release|Any CPU
		{82DFA591-D613-4428-A0AD-4215A84B731E}.Release|Any CPU.Build.0 = Release|Any CPU
		{54BC4AA4-1B45-4CA5-A413-0F7EF2ADBE0B}.Debug|Any CPU.ActiveCfg = Debug|Any CPU
		{54BC4AA4-1B45-4CA5-A413-0F7EF2ADBE0B}.Debug|Any CPU.Build.0 = Debug|Any CPU
		{54BC4AA4-1B45-4CA5-A413-0F7EF2ADBE0B}.Release|Any CPU.ActiveCfg = Release|Any CPU
		{54BC4AA4-1B45-4CA5-A413-0F7EF2ADBE0B}.Release|Any CPU.Build.0 = Release|Any CPU
		{D4084A42-CA2D-41FB-949F-C5BFAD17706A}.Debug|Any CPU.ActiveCfg = Debug|Any CPU
		{D4084A42-CA2D-41FB-949F-C5BFAD17706A}.Debug|Any CPU.Build.0 = Debug|Any CPU
		{D4084A42-CA2D-41FB-949F-C5BFAD17706A}.Release|Any CPU.ActiveCfg = Release|Any CPU
		{D4084A42-CA2D-41FB-949F-C5BFAD17706A}.Release|Any CPU.Build.0 = Release|Any CPU
	EndGlobalSection
	GlobalSection(SolutionProperties) = preSolution
		HideSolutionNode = FALSE
	EndGlobalSection
	GlobalSection(NestedProjects) = preSolution
		{D6660250-EACC-496F-9818-42F86B0AED2B} = {CBBC2B5F-62A4-4B3E-951E-3829F41EFE1D}
		{3479683D-D29B-420F-86C3-C729E3522180} = {CBBC2B5F-62A4-4B3E-951E-3829F41EFE1D}
		{895443B9-2AFC-4C51-A2A1-7406A6B0259E} = {CBBC2B5F-62A4-4B3E-951E-3829F41EFE1D}
		{970706A3-6640-4386-B123-19EFBB457770} = {CBBC2B5F-62A4-4B3E-951E-3829F41EFE1D}
		{642D1E3D-78C5-4DFA-A76B-2F81482EF75C} = {D6660250-EACC-496F-9818-42F86B0AED2B}
		{8C8E1398-7447-42E6-8744-E8470EA01272} = {895443B9-2AFC-4C51-A2A1-7406A6B0259E}
		{32785482-8A9D-4B2C-847E-32CE6C837E4D} = {3479683D-D29B-420F-86C3-C729E3522180}
		{2CDB9529-F868-486B-AF76-44A0E0330D89} = {3479683D-D29B-420F-86C3-C729E3522180}
		{DAAD3C90-1C05-41C5-AF89-12DAD58B09AE} = {32785482-8A9D-4B2C-847E-32CE6C837E4D}
		{33646255-7512-4787-8F8D-F51C17A85944} = {32785482-8A9D-4B2C-847E-32CE6C837E4D}
		{B87B5493-F1E3-4E5B-BAE1-A493B7211519} = {32785482-8A9D-4B2C-847E-32CE6C837E4D}
		{7F20B846-DFA9-4049-A15F-AECC709194D3} = {32785482-8A9D-4B2C-847E-32CE6C837E4D}
		{9467874E-C554-46F2-A505-195FC89CD5C5} = {DAAD3C90-1C05-41C5-AF89-12DAD58B09AE}
		{1D08E93D-8972-4F0A-B6F6-302DAF484DD9} = {B87B5493-F1E3-4E5B-BAE1-A493B7211519}
		{C182BD9D-66B3-4DE1-A7FF-B5D98B4578A0} = {33646255-7512-4787-8F8D-F51C17A85944}
		{3EF8DE4A-2CC8-4829-AE10-F425BF74BDD2} = {7F20B846-DFA9-4049-A15F-AECC709194D3}
		{9EA318CA-75DB-42AA-ABA6-B28C2BCD9835} = {2CDB9529-F868-486B-AF76-44A0E0330D89}
		{246E0E32-CB52-4CBE-9B6F-65F7067A02F0} = {2CDB9529-F868-486B-AF76-44A0E0330D89}
		{E0DD2CE0-A2D0-4350-AC14-981B0F062D32} = {2CDB9529-F868-486B-AF76-44A0E0330D89}
		{FFBCDA38-B59F-4919-8B97-467CECD68971} = {9EA318CA-75DB-42AA-ABA6-B28C2BCD9835}
		{82DFA591-D613-4428-A0AD-4215A84B731E} = {246E0E32-CB52-4CBE-9B6F-65F7067A02F0}
		{09BEEB5C-AE11-4781-B3C8-15598A31000A} = {2CDB9529-F868-486B-AF76-44A0E0330D89}
		{54BC4AA4-1B45-4CA5-A413-0F7EF2ADBE0B} = {E0DD2CE0-A2D0-4350-AC14-981B0F062D32}
		{D4084A42-CA2D-41FB-949F-C5BFAD17706A} = {09BEEB5C-AE11-4781-B3C8-15598A31000A}
	EndGlobalSection
	GlobalSection(ExtensibilityGlobals) = postSolution
		SolutionGuid = {BAD89845-5D20-4091-802C-C6537F2F3D8B}
	EndGlobalSection
EndGlobal
